
Microsoft Visual Studio Solution File, Format Version 12.00
# Visual Studio 14
VisualStudioVersion = 14.0.25123.0
MinimumVisualStudioVersion = 10.0.40219.1
Project("{FAE04EC0-301F-11D3-BF4B-00C04F79EFBC}") = "EduCon.Api", "EduCon.Api\EduCon.Api.csproj", "{4C0292E5-3DA5-4308-A48A-B61F36201900}"
EndProject
Project("{2150E333-8FDC-42A3-9474-1A3956D46DE8}") = "1 - Apresentação", "1 - Apresentação", "{368D4C9D-13C9-4AD3-A2B2-9A8F481EEA31}"
EndProject
Project("{2150E333-8FDC-42A3-9474-1A3956D46DE8}") = "2 - Aplicação", "2 - Aplicação", "{136D1F78-2F3E-4DD7-B418-FC7D399EA9E4}"
EndProject
Project("{2150E333-8FDC-42A3-9474-1A3956D46DE8}") = "Serviços", "Serviços", "{B8FD6A03-FD24-49B8-A001-2FFE40CBA3F2}"
EndProject
Project("{FAE04EC0-301F-11D3-BF4B-00C04F79EFBC}") = "EduCon.Aplicacao", "EduCon.Aplicacao\EduCon.Aplicacao.csproj", "{D082995B-951E-4A6F-BB7D-7F4F10087DEB}"
EndProject
Project("{FAE04EC0-301F-11D3-BF4B-00C04F79EFBC}") = "EduCon.Dominio", "EduCon.Dominio\EduCon.Dominio.csproj", "{A7F7FCA5-810C-4BD3-97CD-716B08ADBC79}"
EndProject
Project("{FAE04EC0-301F-11D3-BF4B-00C04F79EFBC}") = "EduCon.Repositorio", "EduCon.Repositorio\EduCon.Repositorio.csproj", "{AB727C8F-A538-4F2D-9B5B-7C525560CB19}"
EndProject
Project("{FAE04EC0-301F-11D3-BF4B-00C04F79EFBC}") = "EduCon.Contexto", "EduCon.Contexto\EduCon.Contexto.csproj", "{7987E309-DA7B-4714-9F47-6363268CC962}"
EndProject
Project("{2150E333-8FDC-42A3-9474-1A3956D46DE8}") = "3 - Domínio", "3 - Domínio", "{6F33A364-6CEB-4787-ACEA-62BF465BCEC9}"
EndProject
Project("{2150E333-8FDC-42A3-9474-1A3956D46DE8}") = "4 - Infraestrutura", "4 - Infraestrutura", "{A42AEF3C-2A9A-4D4A-8CB4-BA627C31F9D3}"
EndProject
Project("{FAE04EC0-301F-11D3-BF4B-00C04F79EFBC}") = "EduCon.ImportaFee", "EduCon.ImportaFee\EduCon.ImportaFee.csproj", "{AEE8BB82-2F8E-4026-BDED-2469A985280B}"
EndProject
Project("{2150E333-8FDC-42A3-9474-1A3956D46DE8}") = "5 - Transversal", "5 - Transversal", "{811F3CA9-AAD8-46EA-9F2B-A5D58DCC0939}"
EndProject
Project("{FAE04EC0-301F-11D3-BF4B-00C04F79EFBC}") = "EduCon.Objetos", "EduCon.Objetos\EduCon.Objetos.csproj", "{D8B7C32C-6A3F-4AF1-B0CF-DF34F74F2806}"
EndProject
Project("{FAE04EC0-301F-11D3-BF4B-00C04F79EFBC}") = "EduCon.Injecao", "EduCon.Injecao\EduCon.Injecao.csproj", "{F8991811-32DD-4DF2-92D6-2D752C55E585}"
EndProject
Project("{FAE04EC0-301F-11D3-BF4B-00C04F79EFBC}") = "EduCon.Utilitarios", "EduCon.Utilitarios\EduCon.Utilitarios.csproj", "{F601B786-8136-4BBA-9B82-44FF0383C08E}"
EndProject
Global
	GlobalSection(SolutionConfigurationPlatforms) = preSolution
		Debug|Any CPU = Debug|Any CPU
		Release|Any CPU = Release|Any CPU
	EndGlobalSection
	GlobalSection(ProjectConfigurationPlatforms) = postSolution
		{4C0292E5-3DA5-4308-A48A-B61F36201900}.Debug|Any CPU.ActiveCfg = Debug|Any CPU
		{4C0292E5-3DA5-4308-A48A-B61F36201900}.Debug|Any CPU.Build.0 = Debug|Any CPU
		{4C0292E5-3DA5-4308-A48A-B61F36201900}.Release|Any CPU.ActiveCfg = Release|Any CPU
		{4C0292E5-3DA5-4308-A48A-B61F36201900}.Release|Any CPU.Build.0 = Release|Any CPU
		{D082995B-951E-4A6F-BB7D-7F4F10087DEB}.Debug|Any CPU.ActiveCfg = Debug|Any CPU
		{D082995B-951E-4A6F-BB7D-7F4F10087DEB}.Debug|Any CPU.Build.0 = Debug|Any CPU
		{D082995B-951E-4A6F-BB7D-7F4F10087DEB}.Release|Any CPU.ActiveCfg = Release|Any CPU
		{D082995B-951E-4A6F-BB7D-7F4F10087DEB}.Release|Any CPU.Build.0 = Release|Any CPU
		{A7F7FCA5-810C-4BD3-97CD-716B08ADBC79}.Debug|Any CPU.ActiveCfg = Debug|Any CPU
		{A7F7FCA5-810C-4BD3-97CD-716B08ADBC79}.Debug|Any CPU.Build.0 = Debug|Any CPU
		{A7F7FCA5-810C-4BD3-97CD-716B08ADBC79}.Release|Any CPU.ActiveCfg = Release|Any CPU
		{A7F7FCA5-810C-4BD3-97CD-716B08ADBC79}.Release|Any CPU.Build.0 = Release|Any CPU
		{AB727C8F-A538-4F2D-9B5B-7C525560CB19}.Debug|Any CPU.ActiveCfg = Debug|Any CPU
		{AB727C8F-A538-4F2D-9B5B-7C525560CB19}.Debug|Any CPU.Build.0 = Debug|Any CPU
		{AB727C8F-A538-4F2D-9B5B-7C525560CB19}.Release|Any CPU.ActiveCfg = Release|Any CPU
		{AB727C8F-A538-4F2D-9B5B-7C525560CB19}.Release|Any CPU.Build.0 = Release|Any CPU
		{7987E309-DA7B-4714-9F47-6363268CC962}.Debug|Any CPU.ActiveCfg = Debug|Any CPU
		{7987E309-DA7B-4714-9F47-6363268CC962}.Debug|Any CPU.Build.0 = Debug|Any CPU
		{7987E309-DA7B-4714-9F47-6363268CC962}.Release|Any CPU.ActiveCfg = Release|Any CPU
		{7987E309-DA7B-4714-9F47-6363268CC962}.Release|Any CPU.Build.0 = Release|Any CPU
		{AEE8BB82-2F8E-4026-BDED-2469A985280B}.Debug|Any CPU.ActiveCfg = Debug|Any CPU
		{AEE8BB82-2F8E-4026-BDED-2469A985280B}.Debug|Any CPU.Build.0 = Debug|Any CPU
		{AEE8BB82-2F8E-4026-BDED-2469A985280B}.Release|Any CPU.ActiveCfg = Release|Any CPU
		{AEE8BB82-2F8E-4026-BDED-2469A985280B}.Release|Any CPU.Build.0 = Release|Any CPU
		{D8B7C32C-6A3F-4AF1-B0CF-DF34F74F2806}.Debug|Any CPU.ActiveCfg = Debug|Any CPU
		{D8B7C32C-6A3F-4AF1-B0CF-DF34F74F2806}.Debug|Any CPU.Build.0 = Debug|Any CPU
		{D8B7C32C-6A3F-4AF1-B0CF-DF34F74F2806}.Release|Any CPU.ActiveCfg = Release|Any CPU
		{D8B7C32C-6A3F-4AF1-B0CF-DF34F74F2806}.Release|Any CPU.Build.0 = Release|Any CPU
		{F8991811-32DD-4DF2-92D6-2D752C55E585}.Debug|Any CPU.ActiveCfg = Debug|Any CPU
		{F8991811-32DD-4DF2-92D6-2D752C55E585}.Debug|Any CPU.Build.0 = Debug|Any CPU
		{F8991811-32DD-4DF2-92D6-2D752C55E585}.Release|Any CPU.ActiveCfg = Release|Any CPU
		{F8991811-32DD-4DF2-92D6-2D752C55E585}.Release|Any CPU.Build.0 = Release|Any CPU
		{F601B786-8136-4BBA-9B82-44FF0383C08E}.Debug|Any CPU.ActiveCfg = Debug|Any CPU
		{F601B786-8136-4BBA-9B82-44FF0383C08E}.Debug|Any CPU.Build.0 = Debug|Any CPU
		{F601B786-8136-4BBA-9B82-44FF0383C08E}.Release|Any CPU.ActiveCfg = Release|Any CPU
		{F601B786-8136-4BBA-9B82-44FF0383C08E}.Release|Any CPU.Build.0 = Release|Any CPU
	EndGlobalSection
	GlobalSection(SolutionProperties) = preSolution
		HideSolutionNode = FALSE
	EndGlobalSection
	GlobalSection(NestedProjects) = preSolution
		{4C0292E5-3DA5-4308-A48A-B61F36201900} = {368D4C9D-13C9-4AD3-A2B2-9A8F481EEA31}
		{D082995B-951E-4A6F-BB7D-7F4F10087DEB} = {136D1F78-2F3E-4DD7-B418-FC7D399EA9E4}
		{A7F7FCA5-810C-4BD3-97CD-716B08ADBC79} = {6F33A364-6CEB-4787-ACEA-62BF465BCEC9}
		{AB727C8F-A538-4F2D-9B5B-7C525560CB19} = {A42AEF3C-2A9A-4D4A-8CB4-BA627C31F9D3}
		{7987E309-DA7B-4714-9F47-6363268CC962} = {A42AEF3C-2A9A-4D4A-8CB4-BA627C31F9D3}
		{AEE8BB82-2F8E-4026-BDED-2469A985280B} = {B8FD6A03-FD24-49B8-A001-2FFE40CBA3F2}
		{D8B7C32C-6A3F-4AF1-B0CF-DF34F74F2806} = {811F3CA9-AAD8-46EA-9F2B-A5D58DCC0939}
		{F8991811-32DD-4DF2-92D6-2D752C55E585} = {811F3CA9-AAD8-46EA-9F2B-A5D58DCC0939}
		{F601B786-8136-4BBA-9B82-44FF0383C08E} = {811F3CA9-AAD8-46EA-9F2B-A5D58DCC0939}
	EndGlobalSection
EndGlobal
